
Microsoft Visual Studio Solution File, Format Version 12.00
# Visual Studio 2012
Project("{FAE04EC0-301F-11D3-BF4B-00C04F79EFBC}") = "InstanceLocator", "InstanceLocator\InstanceLocator.csproj", "{09CC3297-2661-4ADA-AEAA-D19F87FC5F29}"
EndProject
Project("{FAE04EC0-301F-11D3-BF4B-00C04F79EFBC}") = "InstanceLocator.Harness", "InstanceLocator.Harness\InstanceLocator.Harness.csproj", "{82C79F14-F3C4-4D69-8EC2-3E4BCA78E1DA}"
EndProject
Project("{2150E333-8FDC-42A3-9474-1A3956D46DE8}") = "Solution Items", "Solution Items", "{6E349EC5-825E-4FB6-AD41-309BEF78990C}"
	ProjectSection(SolutionItems) = preProject
		Readme.txt = Readme.txt
	EndProjectSection
EndProject
Project("{FAE04EC0-301F-11D3-BF4B-00C04F79EFBC}") = "InstanceLocator.Tests", "InstanceLocator.Tests\InstanceLocator.Tests.csproj", "{996BDF78-EF3D-48DD-9199-8BDB7C182B18}"
EndProject
Project("{FAE04EC0-301F-11D3-BF4B-00C04F79EFBC}") = "SampleData", "SampleData\SampleData.csproj", "{32AA80EF-F39E-4520-9AAA-7675184FBB5D}"
EndProject
Global
	GlobalSection(SolutionConfigurationPlatforms) = preSolution
		Debug|Any CPU = Debug|Any CPU
		Release|Any CPU = Release|Any CPU
	EndGlobalSection
	GlobalSection(ProjectConfigurationPlatforms) = postSolution
		{09CC3297-2661-4ADA-AEAA-D19F87FC5F29}.Debug|Any CPU.ActiveCfg = Debug|Any CPU
		{09CC3297-2661-4ADA-AEAA-D19F87FC5F29}.Debug|Any CPU.Build.0 = Debug|Any CPU
		{09CC3297-2661-4ADA-AEAA-D19F87FC5F29}.Release|Any CPU.ActiveCfg = Release|Any CPU
		{09CC3297-2661-4ADA-AEAA-D19F87FC5F29}.Release|Any CPU.Build.0 = Release|Any CPU
		{82C79F14-F3C4-4D69-8EC2-3E4BCA78E1DA}.Debug|Any CPU.ActiveCfg = Debug|Any CPU
		{82C79F14-F3C4-4D69-8EC2-3E4BCA78E1DA}.Debug|Any CPU.Build.0 = Debug|Any CPU
		{82C79F14-F3C4-4D69-8EC2-3E4BCA78E1DA}.Release|Any CPU.ActiveCfg = Release|Any CPU
		{82C79F14-F3C4-4D69-8EC2-3E4BCA78E1DA}.Release|Any CPU.Build.0 = Release|Any CPU
		{996BDF78-EF3D-48DD-9199-8BDB7C182B18}.Debug|Any CPU.ActiveCfg = Debug|Any CPU
		{996BDF78-EF3D-48DD-9199-8BDB7C182B18}.Debug|Any CPU.Build.0 = Debug|Any CPU
		{996BDF78-EF3D-48DD-9199-8BDB7C182B18}.Release|Any CPU.ActiveCfg = Release|Any CPU
		{996BDF78-EF3D-48DD-9199-8BDB7C182B18}.Release|Any CPU.Build.0 = Release|Any CPU
		{32AA80EF-F39E-4520-9AAA-7675184FBB5D}.Debug|Any CPU.ActiveCfg = Debug|Any CPU
		{32AA80EF-F39E-4520-9AAA-7675184FBB5D}.Debug|Any CPU.Build.0 = Debug|Any CPU
		{32AA80EF-F39E-4520-9AAA-7675184FBB5D}.Release|Any CPU.ActiveCfg = Release|Any CPU
		{32AA80EF-F39E-4520-9AAA-7675184FBB5D}.Release|Any CPU.Build.0 = Release|Any CPU
	EndGlobalSection
	GlobalSection(SolutionProperties) = preSolution
		HideSolutionNode = FALSE
	EndGlobalSection
EndGlobal
